
Microsoft Visual Studio Solution File, Format Version 12.00
# Visual Studio Version 17
VisualStudioVersion = 17.5.002.0
MinimumVisualStudioVersion = 10.0.40219.1
Project("{9A19103F-16F7-4668-BE54-9A1E7A4F7556}") = "Functions", "Functions.csproj", "{3AADC0AD-40A4-4FBE-A520-75D9B162BBF8}"
EndProject
Global
	GlobalSection(SolutionConfigurationPlatforms) = preSolution
		Debug|Any CPU = Debug|Any CPU
		Release|Any CPU = Release|Any CPU
	EndGlobalSection
	GlobalSection(ProjectConfigurationPlatforms) = postSolution
		{3AADC0AD-40A4-4FBE-A520-75D9B162BBF8}.Debug|Any CPU.ActiveCfg = Debug|Any CPU
		{3AADC0AD-40A4-4FBE-A520-75D9B162BBF8}.Debug|Any CPU.Build.0 = Debug|Any CPU
		{3AADC0AD-40A4-4FBE-A520-75D9B162BBF8}.Release|Any CPU.ActiveCfg = Release|Any CPU
		{3AADC0AD-40A4-4FBE-A520-75D9B162BBF8}.Release|Any CPU.Build.0 = Release|Any CPU
	EndGlobalSection
	GlobalSection(SolutionProperties) = preSolution
		HideSolutionNode = FALSE
	EndGlobalSection
	GlobalSection(ExtensibilityGlobals) = postSolution
		SolutionGuid = {E452F6E3-6E88-4DF6-9F6C-BE347E7737ED}
	EndGlobalSection
EndGlobal
